
Microsoft Visual Studio Solution File, Format Version 12.00
# Visual Studio Version 17
VisualStudioVersion = 17.4.33103.184
MinimumVisualStudioVersion = 10.0.40219.1
Project("{FAE04EC0-301F-11D3-BF4B-00C04F79EFBC}") = "WebDesigner_Angular_Core", "WebDesigner_Angular_Core.csproj", "{3465DAC8-1AC4-44BE-8CF4-DB25065C00AD}"
EndProject
Global
	GlobalSection(SolutionConfigurationPlatforms) = preSolution
		Debug|Any CPU = Debug|Any CPU
		Release|Any CPU = Release|Any CPU
	EndGlobalSection
	GlobalSection(ProjectConfigurationPlatforms) = postSolution
		{3465DAC8-1AC4-44BE-8CF4-DB25065C00AD}.Debug|Any CPU.ActiveCfg = Debug|Any CPU
		{3465DAC8-1AC4-44BE-8CF4-DB25065C00AD}.Debug|Any CPU.Build.0 = Debug|Any CPU
		{3465DAC8-1AC4-44BE-8CF4-DB25065C00AD}.Release|Any CPU.ActiveCfg = Release|Any CPU
		{3465DAC8-1AC4-44BE-8CF4-DB25065C00AD}.Release|Any CPU.Build.0 = Release|Any CPU
	EndGlobalSection
	GlobalSection(SolutionProperties) = preSolution
		HideSolutionNode = FALSE
	EndGlobalSection
	GlobalSection(ExtensibilityGlobals) = postSolution
		SolutionGuid = {243D7ABD-367E-4EB3-8B78-1DF367696D35}
	EndGlobalSection
EndGlobal
